# Accepted pet slugs. Progress is keyed by these -- do not hand-edit.
# Regenerate with: python tools/validate.py --accept
100m-balloon
100m-blaster
100m-bunny
100m-cake
100m-cupcake
100m-dj
100m-dog
100m-dragon
100m-firework
100m-golem
100m-heart
100m-pinata
135m-balloon
135m-cake
135m-dice
135m-dragon
135m-guardian
135m-heart
135m-hydra
135m-king
135m-trophy
15m-fireworks
15m-heart
15m-overlord
15m-robot
15m-toast
15m-trophy
15m-unicorn
200m-balloon
200m-butterfly
200m-cake
200m-cupcake
200m-demon
200m-dragon
200m-immortal
200m-king
200m-samurai
200m-shard
200m-trophy
2026-calendar
2026-dragon
2026-firework
2026-hydra
2026-immortal
2026-sentinel
2026-shard
2026-trophy
2026-tutel
2026-wyvern
25m-alien
25m-dragon
25m-golem
25m-hydra
25m-jellyfish
25m-trophy
25m-ufo
50m-blob
50m-imp
50m-nebula-seraph
50m-star
50m-star-dragon
5m-balloon
5m-cupcake
5m-dragon
5m-hexagon
5m-immortal
5m-mimic
5m-star
5m-trophy
90m-balloon
90m-cake
90m-dragon
90m-shock
90m-trophy
abomination
abyssal-dragon
abyssal-guardian
abyssal-jellyfish
abyssal-leviathan
abyssal-slime
adaspo-trophy
adventure-dragon
adventure-immortal
aether-golem
aether-jelly
aether-serpent
aether-shard
aether-slime
aether-wisp
alchemist-owl
alien
alien-bat
alien-bee
alien-overseer
alien-snail
alien-soldier
alien-star
almighty-goddess
amethyst-spaceship
ancient-beast
ancient-crab
ancient-defender
ancient-king
ancient-koi
ancient-overlord
ancient-sandworm
ancient-soul
ancient-terror
ancient-trophy
angel-cat
angel-cloud
angel-egg
angel-lucky-block
anglerfish
anniversary-balloon
anniversary-butterfly
anniversary-cake
anniversary-card
anniversary-cupcake
anniversary-dj
anniversary-dragon
anniversary-duck
anniversary-emperor
anniversary-gem
anniversary-gift
anniversary-hexagon
anniversary-hydra
anniversary-lord
anniversary-panda
anniversary-shard
anniversary-shield
anniversary-spirit
anniversary-tutel
anniversary-warrior
apple-dragon
aqua-leviathan
arcade-fox
arcade-hydra
armored-bot
ashen-dragon
ashen-golem
ashen-lord
ashen-wyvern
astral-empress
astral-witch
atlantean-guardian
atlantis-shard
atomic-dragon
atomic-moth
atomic-rat
atomic-slime
aurora-beast
aurora-dragon
aurora-eagle
aurora-fox
aurora-spirit
aurora-star
aurora-warden
aurora-wisp
aurora-wolf
baby-dino
ballerina-cappuccina
balloon-dragon
balloons-trio
bamboo-bunny
bamboo-overlord
bamboo-panda
banana-dragon
basket-surprise
bass-soul
bat-overlord
bat-trio
beach-bunny
beach-dog
beach-dragon
beach-panda
beach-parrot
bear
bee
bee-balloon
bee-overlord
bees-trio
birthday-deihy
bitboy-ornament
bitboy-trophy
black-cat
black-hole
black-hole-hexagon
black-hole-star
bladed-darkness
blast-furnace
blaze-dragon
blazen-lion
blazing-egg
blazing-sea-star
blessed-chick
blizzard-dragon
blizzard-drone
blizzard-orb
blizzard-titan
blobfish
bloom-dragon
bloom-guardian
bloom-heart
bloom-overlord
bloom-seraph
bloom-shard
bloom-spirit
blossom-bunny
blossom-cat
blossom-deity
blossom-dragon
blossom-robot
blossom-seraph
blossom-star
blossom-unicorn
bobrito-bandito
bombardiro-crocodilo
boneca-ambalabu
brain-dragon
brazen-bull
broken-clock
broken-heart
brr-brr-patapim
bubblegum-hydra
bucketshell-crab
bumble-bee
bunny
bunny-dominus
bunny-dragon
bunny-overlord
bunny-queen
bunny-tutel
burbaloni-luliloli
cactus-cowboy
cactus-golem
cactus-overlord
cake-titan
candy-cane-dragon
candy-immortal
candy-shield
candycorn-gem
carrot-fiend
carrot-gem
carrot-golem
carrots-trio
cat
cauldron-fox
cauldron-ghost
cave-bat
celestial-guardian
celestial-sovereign
cerberus
chain-dragon
champion-basket
champion-drakkar
chaos-bat
chaos-dragon
chaos-eye
chaos-lord
chaos-shock
cherub
chick-bunny
chimpanzini-bananini
choco-chick
chocolate-bee
chocolate-blobfish
chocolate-bunny
chocolate-cat
chocolate-dog
chocolate-dragon
chocolate-golem
chocolate-heart
chocolate-overlord
chocolate-serpent
chocolate-shard
chocolate-shield
chocolate-trophy
christmas-community-pet
christmas-deer
christmas-immortal
christmas-robot
christmas-sock
christmas-tree
christmas-tutel
circus-dragon
circus-elephant
circus-hydra
circus-monster
circus-seal
classic-axalotl
classic-bee
classic-dog
classic-dragon
classic-immortal
classic-mimic
classic-parrot
classic-shard
classic-tutel
classic-ufo
clockwork-colossus
clockwork-dragon
cloud-golem
cloudy-bat
cloudy-dragon
clown
clownfish
clownfish-dragon
cocoa-cup
coconut-dragon
coconut-shard
coin-dragon
colony-flower
comet-alien
comet-dragon
comet-golem
comet-guard
comet-monster
comet-skull
compass-overlord
confetti-guardian
confetti-immortal
coolfire-voltage
coral-axolotl
coral-crab
coral-dragon
coral-fish
coral-guardian
coral-queen
core-overlord
corn-overlord
cosmic-butterfly
cosmic-gryphon
cosmic-mantis
cosmic-star
cosmic-watcher
cosmic-wisp
cotton-candy
cotton-candy-spirit
cow
cowboy-dragon
crab
crate-crab
crate-golem
crescent-overseer
crown-phoenix
crystal-butterfly
crystal-destroyer
crystal-dragon
crystal-fox
crystal-gem
crystal-golem
crystal-guardian
crystal-heart
crystal-hydra
crystal-orb
crystal-overlord
crystal-panda
crystal-seraph
crystal-shard
crystal-shield
crystal-titan
cthulhu
cupcake-trio
cupid-ace
cupid-dragon
cupid-heart
cursed-bat
cursed-beast
cursed-ghost
cursed-immortal
cursed-skull
cursed-wizard
cyber-car
cyber-golem
cyber-guard
cyber-mechanic
dapper-mint
dark-angel
dark-bat
dark-host
dark-lord
dark-mimic
dark-moth
dark-orb
dark-skull
darkflame-phoenix
deceitful-eye
deep-kraken
demonic-wyvern
desert-fox
desert-heart
desert-prophecy
desert-terror
devil-lucky-block
deviled-egg
devs-trophy
devs-tutel
diamond-butterfly
diamond-dragon
diamond-egg
diamond-golem
diamond-overlord
dino-nest
dino-skeleton
disco-ball
disco-cat
disco-dragon
disco-fox
disco-goat
disco-immortal
disco-octopus
disco-overlord
diver-dragon
dna-overlord
dog
dragon-emperor
dragon-king
dragon-queen
drone-bee
drowned-wolf
dual-bunny
dual-emperor
dual-spirit
duality-beast
duality-heart
duality-lord
duality-shield
duck
dune-gecko
dungeon-guardian
dungeon-herald
dungeon-hydra
dungeon-monster
dungeon-overlord
dungeon-protector
dungeon-seraph
dungeon-slime
dusk-revenant
dust-dragon
dust-spirit
dynamite-dragon
eagle
earthbound
easter-basket
easter-bunny
easter-cat
easter-community-pet
easter-dog
easter-lord
easter-overlord
easter-phantom
easter-protector
easter-shard
easter-tutel
eclipse-dragon
egg-dragon
egg-immortal
egg-keeper
egg-striker
egg-watcher
elder-titan
elephant
elf
elixir-dragon
empress-bee
enchanted-bunny
enchanted-cat
enchanted-dog
enchanted-dragon
enchanted-heart
enchanted-imp
enchanted-orb
enemy-wave
eternal-bell
eternal-shogun
evil-witch
eye-of-deception
eye-sovereign
factory-dog
factory-drone
factory-hexagon
factory-king
factory-overlord
factory-shard
factory-warden
failed-experiment
fairy-dragon
fairydust-dragon
fall-bear
fall-dominus
fall-dragon
fall-hydra
fall-immortal
fall-king
fall-monarch
fall-seraph
fall-squirrel
fall-star
fall-tutel
fallen-angel
fallen-heart
fallen-samurai
falling-comet
falling-star
festive-bell
festive-giftgiver
festive-guardian
festive-serenity
festive-shield
festive-trophy
final-boss
fire-bat
fire-demon
fire-dominus
fire-dragon
fire-hexagon
fire-knight
fire-spirit
fire-warden
firework-beast
firework-wyvern
fish
flame-shard
flamekeeper
flora-guardian
flower-bunny
flower-dragon
flower-wyvern
flowing-blaze
fly-note
flying-gumdrop
foam-immortal
forest-dragon
forge-hydra
forgotten-titan
forklift-bot
fossilized-guardian
fox
fox-sovereign
frankenbot
frigo-camelo
frog-king
front-man-bunny
front-man-immortal
frozen-bear
frozen-core
frozen-deer
frozen-fox
frozen-heart
frozen-mimic
frozen-overlord
frozen-owl
frozen-rocket
frozen-shard
fuel-overlord
fueldroid
furnace-dragon
galaxy-shard
game-breaker
game-pad
gamer-dragon
garden-queen
gear-butterfly
gear-dragon
gear-golem
gear-hydra
gear-immortal
gear-lord
gear-overlord
gear-shard
gear-star
gears-of-time
gem-lord
ghastly-keeper
ghost
ghost-dragon
ghost-overlord
ghoul-emperor
giant-chocolate-bunny
giant-pinata
gifts-immortal
gifts-sack
gilded-alchemist
gingerbread-bunny
gingerbread-butterfly
gingerbread-dog
gingerbread-dragon
gingerbread-shard
glacial-yeti
glacier-golem
glacier-striker
glitched-butterfly
glitched-demon
glitched-dragon
glitched-guardian
glitched-lucky-block
glitched-mimic
glitched-tutel
goat
godly-axolotl
goldfish
grand-bouquet
grinch
grinch-dragon
grinch-overlord
grinch-roksek
gryphon
guard-fox
guard-overlord
gummy-bear
hacker
hacker-dragon
hacker-tutel
halloween-community-pet
halloween-demon
halloween-dominus
halloween-slime
halloween-tutel
halloween-warden
happy-balloon
happy-bee
happy-cloud
happy-crystal
happy-firework
happy-gift
happy-ornament
happy-seal
happy-tutel
harp-sentinel
harvest-dragon
harvest-fox
harvest-lord
harvest-warden
harvester
haunted-potion
hazmat-demon
heatwave-hydra
heaven-dove
heaven-eye
heavenly-harp
hell-guardian
hell-lord
hive-dragon
hive-guardian
hologram-hexagon
holy-marigold
holy-valkyrie
honey-bear
honey-overlord
honey-shock
honey-titan
honeycomb-immortal
honeycomb-pixie
horn-of-plenty
hourglass-immortal
huge-roksek
hungry-bunny
ice-butterfly
ice-cream-trio
ice-dragon
ice-hydra
ice-monster
ice-sentinel
ice-wolf
igor-trophy
immortal-cake
immortal-drone
immortal-flower
immortal-heart
immortal-kitsune
impire
industrial-tutel
inferno-dragon
inferno-golem
inferno-phantom
inferno-skull
inferno-wraith
interstellar-dragon
jade-samurai
jellyfish
king-of-tutels
koi-dragon
kraken-shipwreck
la-vaca-saturno-saturnita
lab-balloon
lab-robot
lagoon-jellyfish
laser-dragon
leviathan-heart
licorice-demon
lightborn-phoenix
lighting-hydra
lilac-pixie
lilybud-chick
lion
lirili-larila
litten-kitten
lollipop-dragon
lost-reaper
love-in-a-bottle
lovely-axolotl
lovely-basket
lovely-bee
lovely-bunny
lovely-butterfly
lovely-cat
lovely-cupcake
lovely-deer
lovely-deity
lovely-dog
lovely-elephant
lovely-gift
lovely-guardian
lovely-heart
lovely-hydra
lovely-kitsune
lovely-lucky-block
lovely-panda
lovely-phoenix
lovely-queen
lovely-shard
lovely-shield
lovely-shock
lovely-surprise
lovely-trophy
lovely-wolf
lucky-block
lucky-block-trophy
lunar-ascendant
lunar-gladiator
lunar-orb
lunar-shard
lunar-star
luxury-egg
magic-blobfish
magic-cat
magic-dominus
magic-egg
magic-fairy
magic-heart
magic-lord
magic-owl
magic-pot
magic-rune
magic-sentinel
magic-shard
magic-shock
magic-tank
magic-vixen
magma-blobfish
magma-book
magma-fiend
magma-shard
magma-slime
magnet-bunny
magnet-dragon
magnet-shard
magnetar-beast
magnetar-core
maple-dragon
maple-imp
mars-dragon
mars-fox
mars-heart
mars-immortal
mars-rover
mars-tornado
masked-inventor
mastery-lord
mecha-tutel
melting-immortal
merkitty
meteor
midnight-dragon
midnight-wailer
midnight-wraith
miner-bunny
miner-cat
miner-dog
miner-dragon
miner-mole
miner-panda
mirage-beast
mirage-dragon
mirage-shard
mirage-titan
missile-lord
money-dragon
money-lord
money-shard
money-tutel
monkey
monochrome-beast
monochrome-dragon
monochrome-fox
monochrome-heart
monochrome-hydra
monochrome-samurai
monochrome-shard
monochrome-slime
monochrome-wyvern
moon-guardian
moon-protector
moorish-idol
moss-guardian
moss-heart
mr-cactus
mr-coconut
mushroom-dragon
mystic-fox
mystic-griffin
mystic-reaper
mystic-serpent
nature-butterfly
nebula-beast
nebula-dragon
nebula-hydra
nebula-phantom
nebula-planet
nebula-supernova
nebula-wyvern
neon-alien
neon-cat
neon-heart
neon-hexagon
neon-monarch
neon-overlord
neon-phantom
neon-robot
neon-shard
nest-protector
nesting-chick
new-year-heart
nocturnal-beast
nova-singularity
nuclear-beast
nuclear-bloom
nuclear-crab
nuclear-golem
nuclear-hydra
obsidian-angel
obsidian-dragon
obsidian-flower
obsidian-ghost
obsidian-golem
obsidian-hydra
obsidian-kitsune
obsidian-raven
obsidian-sentinel
obsidian-shard
obsidian-skull
obsidian-star
obsidian-titan
obsidiant-bat
ocean-core
ocean-dragon
ocean-s-blessing
octopus
orca
ore-monster
ornament-dragon
ornamentium
overgrowth
ox-of-justice
palm-dragon
palm-shock
paradox-beast
paradox-dragon
paradox-mimic
paradox-shock
paradox-slime
parrot
party-blobfish
party-dominus
party-dragon
party-firework
party-gift
party-hydra
party-king
party-kitsune
party-lord
party-mimic
party-pineapple
party-shard
party-shield
party-spirit
party-star
party-trophy
party-tutel
pearl-gem
pearl-maiden
pegasus
penguin
petal-deer
petal-dragon
petal-spirit
petalbound
phoenix
piano-dragon
pig
pinata-cake
pinata-dragon
pinata-gift
pineapple-overlord
pirate-crab
pirate-crocodile
pirate-octopus
pirate-parrot
pirate-squid
plasma-lucky-block
player-dominus
poison-overlord
police-wolf
pool-flamingo
portal-guardian
potion-monster
potion-slime
potion-trio
pterodactyl
pumpkin
pumpkin-bucket
pumpkin-overlord
pumpkin-pie
pumpkin-queen
pumpkin-trophy
queen-bee
queen-devourer
quest-sovereign
radiant-bunny
radiant-starlight
raptor
reactor-spider
reaper
reaper-immortal
rebirth-basket
rebirth-dragon
reef-sphinx
research-hydra
rider-s-prodigy
ringmaster
roast-turkey
rocket
rocket-reaver
rocky-ember
roksek-trophy
root-bunny
root-titan
rose-bouquet
rose-dragon
rose-fox
round-bot
royal-beast
royal-cat
royal-dog
royal-egg
royal-fox
royal-lollipop
royal-panda
royal-ruby
royal-throne
royal-tutel
royal-vault
ruby-drone
ruby-heart
rudolph
ruins-axolotl
ruins-guardian
rune-bee
rune-deer
rune-hydra
rune-sentinel
rune-slime
runekeeper
sakura-bat
sakura-butterfly
sakura-cat
sakura-deer
sakura-dragon
sakura-flower
sakura-immortal
sakura-kitsune
sakura-panda
sakura-shock
samurai-dragon
samurai-lucky-block
sand-camel
sand-of-time
sand-scorpion
sandy-phantom
santa-adaspo
santa-dragon
santa-grinch
santa-sack
sapphire-bat
sapphire-immortal
sapphire-seeker
scarecrow-immortal
scientist
scrap-immortal
screaming-book
sea-devil
sea-overseer
sea-sentinel
seahorse
seamaster
season-1-bee
season-1-dragon
season-1-flower
season-1-star
season-1-trophy
sentient-mothership
shadow-bee
shadow-demon
shadow-dominus
shadow-dragon
shadow-eye
shadow-gem
shadow-hexagon
shadow-ninja
shadow-owl
shadow-puppeteer
shadow-shock
shadow-warrior
shark
shell-guardian
shield-dragon
shieldbound
shocked-tutel
shogun-s-aura
silver-bat
sinner-s-soul
skate-cat
skeleton-bat
skeleton-cat
skeleton-golem
skeleton-hydra
skeleton-jester
skeleton-shock
sky-bunny
sky-overlord
sky-phoenix
sky-saviour
sky-serpent
skyscraper-stack
slime
slime-dragon
slime-empress
slime-heart
snow-dragon
snow-globe
snow-hydra
snowman
snowman-igor
solar-egg
soul-devourer
soul-empress
soul-hydra
space-devourer
space-dog
space-jellyfish
space-lord
space-wyvern
spaceship
spark-owl
sparkle-bat
sparkle-cat
sparkle-serpent
sparkle-shock
sparkle-slime
sparky-owl
speaker
spell-lord
spider
spider-dragon
spider-lord
spider-overlord
spider-queen
spider-shard
spirit-caster
spirit-dragon
spirit-overlord
spooky-dragon
spring-bird
spring-butterfly
spring-chick
spring-ladybug
spring-orchid
spring-paragon
spring-pixie
spring-queen
star-dragon
star-emperor
star-imp
star-monster
star-ornament
star-sage
star-shard
star-warden
stardust-immortal
starfactory-core
starfactory-robot
starfactory-trophy
starfactory-worker
starfish
starry-owl
stars-trio
steam-blobfish
steam-elephant
steampunk-balloon
steampunk-conductor
steampunk-dog
steampunk-dragon
steampunk-hydra
stone-crocodile
stone-dragon
stone-golem
storm-bunny
storm-cloud
storm-ghoul
storm-sovereign
storm-striker
storm-titan
storm-wisp
straw-dragon
sugar-empress
sugar-serpent
summer-blobfish
summer-coconut
summer-drink
summer-immortal
summer-lord
summer-octopus
summer-serpent
summer-shard
summer-sun
summer-tutel
sun-shock
sunblessed-siren
sundrop-sovereign
sunflower-overlord
sunflower-spirit
sunken-ring
sunken-treasure
sunny-dragon
sunny-soul
super-console
super-robot
surfer-duck
swamp-snail
sweet-shard
sweet-sovereign
swordfish
taffy-angel
tainted-egg
tank-mech
teddy-bear
tempest-lord
temple-dragon
temple-leviathan
thanksgiving-dragon
thanksgiving-queen
thanksgiving-trophy
thanksgiving-tutel
the-admin
the-broadcasting
the-easter-spirit
the-eggcelent-one
the-fool
the-kraken
the-krampus
the-sinister
thornrose-regent
thunder-cat
thunder-dragon
thunder-fury
thunder-guardian
thunder-overlord
thunder-raven
tide-breaker
tiger
tiger-s-eye
tiki-cat
tiki-dragon
tiki-mask
tiki-shield
tiki-treasure
tiki-tutel
titanium-gem
tool-dragon
tormented-wraith
tornado-monster
tralalero-tralala
treasure-crab
treasure-guardian
treasure-keeper
treasure-mimic
treble-guardian
triceratops-dragon
trident-overlord
trippi-troppi
tropical-coconut
tropical-heart
tropical-unicorn
tsunami-dragon
tulip-dragon
tung-tung-tung-sahur
turkey
tutel
ufo
underground-alien
underground-butterfly
underground-phoenix
underground-terror
underwater-anchor
underwater-lord
underwater-mimic
underwater-queen
valentine-s-origin
valhalla-guardian
venom-monster
venom-reaper
venomspike
viking-drakkar
viking-immortal
viking-puppy
viking-shield
void-dragon
void-guardian
void-hexagon
void-lucky-block
void-monarch
void-orb
void-reaper
void-seer
void-sentinel
void-slime
volcanic-lion
volcanic-overlord
volcano-crab
volcano-seraph
volt-phoenix
vr-dragon
warden-s-eye
water-fairy
water-robot
waterfall-immortal
watermelon-dragon
watermelon-hydra
watermelon-jellyfish
wave-dragon
welder-cat
western-dread
wheat-bunny
wheat-overlord
windmill-wisp
windy-dragon
windy-eagle
winter-dragon
winter-spirit
witch-hydra
wizard
wizard-wisp
woiz-gift
woiz-trophy
wolf
worker-bee
workshop-seraph
wreath
yin-yang-immortal
yin-yang-star
yolk-spirit
zombie
zombie-bat
zombie-golem
zombie-mimic
zombie-overlord
